schema: '2.0'
stages:
  train:
    cmd: python3 -m src.models.train_model
    deps:
    - path: data/processed
      hash: md5
      md5: aaff87c0f6a20fde129d54c0d3fd57cd.dir
      size: 34145235
      nfiles: 1
    - path: src/models/train_model.py
      hash: md5
      md5: 3b4de49ed2c85a3c1c7cd9bc18dad2c1
      size: 7576
      isexec: true
    outs:
    - path: models
      hash: md5
      md5: efd8ce059c7209d7f96ba1e8fd1fd6eb.dir
      size: 3930828087
      nfiles: 9
    - path: reports/training_metrics.csv
      hash: md5
      md5: 7f77f21089f4a109dd022e92819b037d
      size: 115
  eval:
    cmd: python -m src.models.predict_model
    deps:
    - path: data/processed
      md5: d751713988987e9331980363e24189ce.dir
      size: 0
      nfiles: 0
    - path: models
      md5: d751713988987e9331980363e24189ce.dir
      size: 0
      nfiles: 0
    - path: src/models/predict_model.py
      md5: d41d8cd98f00b204e9800998ecf8427e
      size: 0
    outs:
    - path: reports/metrics.csv
      md5: d41d8cd98f00b204e9800998ecf8427e
      size: 0
  process_data:
    cmd: python3 -m src.data.make_dataset
    deps:
    - path: data/raw
      hash: md5
      md5: 1fdbfb123fa611c7cef8e1a0f54cf889.dir
      size: 29649258
      nfiles: 10
    - path: src/data/make_dataset.py
      hash: md5
      md5: 931ef9c5975bf489e351ce66df389fdd
      size: 4609
    outs:
    - path: data/processed
      hash: md5
      md5: aaff87c0f6a20fde129d54c0d3fd57cd.dir
      size: 34145235
      nfiles: 1
