schema: '2.0'
stages:
  train:
    cmd: python3 -m src.models.train_model
    deps:
    - path: data/processed
      md5: 3c7e3e4480aed38933263c5a73ff1117.dir
      size: 11526018
      nfiles: 1
    - path: src/models/train_model.py
      md5: 3801f665af617c553b2503a1ea860e1d
      size: 3887
    outs:
    - path: models
      md5: 0d402a4f1a6ec2cb2234cb2fbe6d4f98.dir
      size: 25681209
      nfiles: 1
    - path: reports/training_metrics.csv
      md5: 30d081bc9e6da395d365924acd6b4740
      size: 115
  eval:
    cmd: python -m src.models.predict_model
    deps:
    - path: data/processed
      md5: d751713988987e9331980363e24189ce.dir
      size: 0
      nfiles: 0
    - path: models
      md5: d751713988987e9331980363e24189ce.dir
      size: 0
      nfiles: 0
    - path: src/models/predict_model.py
      md5: d41d8cd98f00b204e9800998ecf8427e
      size: 0
    outs:
    - path: reports/metrics.csv
      md5: d41d8cd98f00b204e9800998ecf8427e
      size: 0
  process_data:
    cmd: python3 -m src.data.make_dataset
    deps:
    - path: data/raw
      md5: 10ba4c74e54e419534f3585ea07922e2.dir
      size: 28690003
      nfiles: 6
    - path: src/data/make_dataset.py
      hash: md5
      md5: 84ac2bee78854f0c2ce8e89ed1f14adb
      size: 3313
    outs:
    - path: data/processed
      md5: 39d4663aa1c7d7e5a6555a28a59a658f.dir
      size: 7257893
      nfiles: 1
