schema: '2.0'
stages:
  train:
    cmd: python3 -m src.models.train_model
    deps:
    - path: data/processed/final_dataset.csv
      md5: 8781957292192175550284aac5c502a7
      size: 28132601
    - path: src/models/train_model.py
      md5: 2efd2b1d13e569a8e9ed257889791b8c
      size: 2894
    outs:
    - path: models
      md5: d751713988987e9331980363e24189ce.dir
      size: 0
      nfiles: 0
    - path: reports/training_metrics.csv
      md5: 9f69244dbc5d85ca93746a1d293a4062
      size: 58
  eval:
    cmd: python -m src.models.predict_model
    deps:
    - path: data/processed
      md5: d751713988987e9331980363e24189ce.dir
      size: 0
      nfiles: 0
    - path: models
      md5: d751713988987e9331980363e24189ce.dir
      size: 0
      nfiles: 0
    - path: src/models/predict_model.py
      md5: d41d8cd98f00b204e9800998ecf8427e
      size: 0
    outs:
    - path: reports/metrics.csv
      md5: d41d8cd98f00b204e9800998ecf8427e
      size: 0
  process_data:
    cmd: python3 -m src.data.make_dataset
    deps:
    - path: data/raw
      md5: 10ba4c74e54e419534f3585ea07922e2.dir
      size: 28690003
      nfiles: 6
    - path: src/data/make_dataset.py
      md5: f559e763b7d70a457c3667355c7a4931
      size: 2258
    outs:
    - path: data/processed
      md5: f3b3b399294290a3def42e8d5d9483ec.dir
      size: 56265222
      nfiles: 3
